
Microsoft Visual Studio Solution File, Format Version 12.00
# Visual Studio 15
VisualStudioVersion = 15.0.28010.2026
MinimumVisualStudioVersion = 10.0.40219.1
Project("{FAE04EC0-301F-11D3-BF4B-00C04F79EFBC}") = "Homework1.2", "Homework1.2\Homework1.2.csproj", "{652E4E8D-1019-4335-9B41-C31798767235}"
EndProject
Project("{FAE04EC0-301F-11D3-BF4B-00C04F79EFBC}") = "Homework1.1", "Homework1.1\Homework1.1.csproj", "{8981DD46-5C9F-449A-AA31-B55F1FFE93CB}"
EndProject
Global
	GlobalSection(SolutionConfigurationPlatforms) = preSolution
		Debug|Any CPU = Debug|Any CPU
		Release|Any CPU = Release|Any CPU
	EndGlobalSection
	GlobalSection(ProjectConfigurationPlatforms) = postSolution
		{652E4E8D-1019-4335-9B41-C31798767235}.Debug|Any CPU.ActiveCfg = Debug|Any CPU
		{652E4E8D-1019-4335-9B41-C31798767235}.Debug|Any CPU.Build.0 = Debug|Any CPU
		{652E4E8D-1019-4335-9B41-C31798767235}.Release|Any CPU.ActiveCfg = Release|Any CPU
		{652E4E8D-1019-4335-9B41-C31798767235}.Release|Any CPU.Build.0 = Release|Any CPU
		{8981DD46-5C9F-449A-AA31-B55F1FFE93CB}.Debug|Any CPU.ActiveCfg = Debug|Any CPU
		{8981DD46-5C9F-449A-AA31-B55F1FFE93CB}.Debug|Any CPU.Build.0 = Debug|Any CPU
		{8981DD46-5C9F-449A-AA31-B55F1FFE93CB}.Release|Any CPU.ActiveCfg = Release|Any CPU
		{8981DD46-5C9F-449A-AA31-B55F1FFE93CB}.Release|Any CPU.Build.0 = Release|Any CPU
	EndGlobalSection
	GlobalSection(SolutionProperties) = preSolution
		HideSolutionNode = FALSE
	EndGlobalSection
	GlobalSection(ExtensibilityGlobals) = postSolution
		SolutionGuid = {DFAE346F-6A88-44E3-958C-07378C4237CB}
	EndGlobalSection
EndGlobal
